
Microsoft Visual Studio Solution File, Format Version 12.00
# Visual Studio Version 16
VisualStudioVersion = 16.0.29519.181
MinimumVisualStudioVersion = 10.0.40219.1
Project("{9A19103F-16F7-4668-BE54-9A1E7A4F7556}") = "API1", "API1\API1.csproj", "{D3C38E1D-57C3-4E41-8CB9-08986E8D4F16}"
EndProject
Project("{9A19103F-16F7-4668-BE54-9A1E7A4F7556}") = "API2", "API2\API2.csproj", "{E41292A9-3BCA-42DF-9F29-45245E696F97}"
EndProject
Project("{9A19103F-16F7-4668-BE54-9A1E7A4F7556}") = "API1.UnitTests", "API1.UnitTests\API1.UnitTests.csproj", "{28D6EA6C-FB68-4F4F-B538-ECAF77D7A565}"
EndProject
Project("{9A19103F-16F7-4668-BE54-9A1E7A4F7556}") = "API2.IntegrationTests", "API2.IntegrationTests\API2.IntegrationTests.csproj", "{6CC9A227-F56F-4D41-AA0C-1242667E3CBF}"
EndProject
Project("{9A19103F-16F7-4668-BE54-9A1E7A4F7556}") = "API1.IntegrationTests", "API1IntegrationTest\API1.IntegrationTests.csproj", "{6B9A671B-B2AC-4B39-B7F8-780F4CA43327}"
EndProject
Project("{9A19103F-16F7-4668-BE54-9A1E7A4F7556}") = "API2.UnitTests", "API2.UnitTests\API2.UnitTests.csproj", "{97F702A0-A454-4696-844F-6C22198738A3}"
EndProject
Project("{E53339B2-1760-4266-BCC7-CA923CBCF16C}") = "docker-compose", "docker-compose.dcproj", "{F0359959-5D68-4392-95E9-7B48C5B88AF1}"
EndProject
Global
	GlobalSection(SolutionConfigurationPlatforms) = preSolution
		Debug|Any CPU = Debug|Any CPU
		Release|Any CPU = Release|Any CPU
	EndGlobalSection
	GlobalSection(ProjectConfigurationPlatforms) = postSolution
		{D3C38E1D-57C3-4E41-8CB9-08986E8D4F16}.Debug|Any CPU.ActiveCfg = Debug|Any CPU
		{D3C38E1D-57C3-4E41-8CB9-08986E8D4F16}.Debug|Any CPU.Build.0 = Debug|Any CPU
		{D3C38E1D-57C3-4E41-8CB9-08986E8D4F16}.Release|Any CPU.ActiveCfg = Release|Any CPU
		{D3C38E1D-57C3-4E41-8CB9-08986E8D4F16}.Release|Any CPU.Build.0 = Release|Any CPU
		{E41292A9-3BCA-42DF-9F29-45245E696F97}.Debug|Any CPU.ActiveCfg = Debug|Any CPU
		{E41292A9-3BCA-42DF-9F29-45245E696F97}.Debug|Any CPU.Build.0 = Debug|Any CPU
		{E41292A9-3BCA-42DF-9F29-45245E696F97}.Release|Any CPU.ActiveCfg = Release|Any CPU
		{E41292A9-3BCA-42DF-9F29-45245E696F97}.Release|Any CPU.Build.0 = Release|Any CPU
		{28D6EA6C-FB68-4F4F-B538-ECAF77D7A565}.Debug|Any CPU.ActiveCfg = Debug|Any CPU
		{28D6EA6C-FB68-4F4F-B538-ECAF77D7A565}.Debug|Any CPU.Build.0 = Debug|Any CPU
		{28D6EA6C-FB68-4F4F-B538-ECAF77D7A565}.Release|Any CPU.ActiveCfg = Release|Any CPU
		{28D6EA6C-FB68-4F4F-B538-ECAF77D7A565}.Release|Any CPU.Build.0 = Release|Any CPU
		{6CC9A227-F56F-4D41-AA0C-1242667E3CBF}.Debug|Any CPU.ActiveCfg = Debug|Any CPU
		{6CC9A227-F56F-4D41-AA0C-1242667E3CBF}.Debug|Any CPU.Build.0 = Debug|Any CPU
		{6CC9A227-F56F-4D41-AA0C-1242667E3CBF}.Release|Any CPU.ActiveCfg = Release|Any CPU
		{6CC9A227-F56F-4D41-AA0C-1242667E3CBF}.Release|Any CPU.Build.0 = Release|Any CPU
		{6B9A671B-B2AC-4B39-B7F8-780F4CA43327}.Debug|Any CPU.ActiveCfg = Debug|Any CPU
		{6B9A671B-B2AC-4B39-B7F8-780F4CA43327}.Debug|Any CPU.Build.0 = Debug|Any CPU
		{6B9A671B-B2AC-4B39-B7F8-780F4CA43327}.Release|Any CPU.ActiveCfg = Release|Any CPU
		{6B9A671B-B2AC-4B39-B7F8-780F4CA43327}.Release|Any CPU.Build.0 = Release|Any CPU
		{97F702A0-A454-4696-844F-6C22198738A3}.Debug|Any CPU.ActiveCfg = Debug|Any CPU
		{97F702A0-A454-4696-844F-6C22198738A3}.Debug|Any CPU.Build.0 = Debug|Any CPU
		{97F702A0-A454-4696-844F-6C22198738A3}.Release|Any CPU.ActiveCfg = Release|Any CPU
		{97F702A0-A454-4696-844F-6C22198738A3}.Release|Any CPU.Build.0 = Release|Any CPU
		{F0359959-5D68-4392-95E9-7B48C5B88AF1}.Debug|Any CPU.ActiveCfg = Debug|Any CPU
		{F0359959-5D68-4392-95E9-7B48C5B88AF1}.Debug|Any CPU.Build.0 = Debug|Any CPU
		{F0359959-5D68-4392-95E9-7B48C5B88AF1}.Release|Any CPU.ActiveCfg = Release|Any CPU
		{F0359959-5D68-4392-95E9-7B48C5B88AF1}.Release|Any CPU.Build.0 = Release|Any CPU
	EndGlobalSection
	GlobalSection(SolutionProperties) = preSolution
		HideSolutionNode = FALSE
	EndGlobalSection
	GlobalSection(ExtensibilityGlobals) = postSolution
		SolutionGuid = {981C78E0-0FEF-493E-8CB0-2F88E557D49F}
	EndGlobalSection
EndGlobal
